
Microsoft Visual Studio Solution File, Format Version 11.00
# Visual C++ Express 2010
Project("{8BC9CEB8-8B4A-11D0-8D11-00A0C91BC942}") = "space", "space.vcxproj", "{EAB1378E-75BD-4955-B6C9-FACD4AB94F18}"
EndProject
Global
	GlobalSection(SolutionConfigurationPlatforms) = preSolution
		Debug|Win32 = Debug|Win32
		Release|Win32 = Release|Win32
	EndGlobalSection
	GlobalSection(ProjectConfigurationPlatforms) = postSolution
		{EAB1378E-75BD-4955-B6C9-FACD4AB94F18}.Debug|Win32.ActiveCfg = Debug|Win32
		{EAB1378E-75BD-4955-B6C9-FACD4AB94F18}.Debug|Win32.Build.0 = Debug|Win32
		{EAB1378E-75BD-4955-B6C9-FACD4AB94F18}.Release|Win32.ActiveCfg = Release|Win32
		{EAB1378E-75BD-4955-B6C9-FACD4AB94F18}.Release|Win32.Build.0 = Release|Win32
	EndGlobalSection
	GlobalSection(SolutionProperties) = preSolution
		HideSolutionNode = FALSE
	EndGlobalSection
EndGlobal
